
Microsoft Visual Studio Solution File, Format Version 12.00
# Visual Studio Version 17
VisualStudioVersion = 17.8.34316.72
MinimumVisualStudioVersion = 10.0.40219.1
Project("{FAE04EC0-301F-11D3-BF4B-00C04F79EFBC}") = "Users.Endpoint", "src\Users.Endpoint\Users.Endpoint.csproj", "{2B6FB60C-0F6E-4C23-A12A-D92454D06259}"
EndProject
Project("{FAE04EC0-301F-11D3-BF4B-00C04F79EFBC}") = "Users.Public", "src\Users.Public\Users.Public.csproj", "{E129B8E1-FA25-4738-A66D-373511B37A42}"
EndProject
Project("{FAE04EC0-301F-11D3-BF4B-00C04F79EFBC}") = "Resources.Endpoint", "Resources.Endpoint\Resources.Endpoint.csproj", "{66ABC694-3601-4AFF-B8ED-DDCE4C80CFE2}"
EndProject
Project("{FAE04EC0-301F-11D3-BF4B-00C04F79EFBC}") = "Users.Client", "src\Users.Client\Users.Client.csproj", "{5082DE87-BE86-4A46-A1CD-5CB40BA5EEDA}"
EndProject
Global
	GlobalSection(SolutionConfigurationPlatforms) = preSolution
		Debug|Any CPU = Debug|Any CPU
		Release|Any CPU = Release|Any CPU
	EndGlobalSection
	GlobalSection(ProjectConfigurationPlatforms) = postSolution
		{2B6FB60C-0F6E-4C23-A12A-D92454D06259}.Debug|Any CPU.ActiveCfg = Debug|Any CPU
		{2B6FB60C-0F6E-4C23-A12A-D92454D06259}.Debug|Any CPU.Build.0 = Debug|Any CPU
		{2B6FB60C-0F6E-4C23-A12A-D92454D06259}.Release|Any CPU.ActiveCfg = Release|Any CPU
		{2B6FB60C-0F6E-4C23-A12A-D92454D06259}.Release|Any CPU.Build.0 = Release|Any CPU
		{E129B8E1-FA25-4738-A66D-373511B37A42}.Debug|Any CPU.ActiveCfg = Debug|Any CPU
		{E129B8E1-FA25-4738-A66D-373511B37A42}.Debug|Any CPU.Build.0 = Debug|Any CPU
		{E129B8E1-FA25-4738-A66D-373511B37A42}.Release|Any CPU.ActiveCfg = Release|Any CPU
		{E129B8E1-FA25-4738-A66D-373511B37A42}.Release|Any CPU.Build.0 = Release|Any CPU
		{66ABC694-3601-4AFF-B8ED-DDCE4C80CFE2}.Debug|Any CPU.ActiveCfg = Debug|Any CPU
		{66ABC694-3601-4AFF-B8ED-DDCE4C80CFE2}.Debug|Any CPU.Build.0 = Debug|Any CPU
		{66ABC694-3601-4AFF-B8ED-DDCE4C80CFE2}.Release|Any CPU.ActiveCfg = Release|Any CPU
		{66ABC694-3601-4AFF-B8ED-DDCE4C80CFE2}.Release|Any CPU.Build.0 = Release|Any CPU
		{5082DE87-BE86-4A46-A1CD-5CB40BA5EEDA}.Debug|Any CPU.ActiveCfg = Debug|Any CPU
		{5082DE87-BE86-4A46-A1CD-5CB40BA5EEDA}.Debug|Any CPU.Build.0 = Debug|Any CPU
		{5082DE87-BE86-4A46-A1CD-5CB40BA5EEDA}.Release|Any CPU.ActiveCfg = Release|Any CPU
		{5082DE87-BE86-4A46-A1CD-5CB40BA5EEDA}.Release|Any CPU.Build.0 = Release|Any CPU
	EndGlobalSection
	GlobalSection(SolutionProperties) = preSolution
		HideSolutionNode = FALSE
	EndGlobalSection
	GlobalSection(ExtensibilityGlobals) = postSolution
		SolutionGuid = {550F6402-659E-4F55-B7DE-175C40B5DAB5}
	EndGlobalSection
EndGlobal
